
Microsoft Visual Studio Solution File, Format Version 12.00
# Visual Studio Version 17
VisualStudioVersion = 17.11.35222.181
MinimumVisualStudioVersion = 10.0.40219.1
Project("{FAE04EC0-301F-11D3-BF4B-00C04F79EFBC}") = "OctoEngine", "OctoEngine\OctoEngine.csproj", "{F05B781D-13E8-4E56-8A29-B319050F7E8F}"
EndProject
Global
	GlobalSection(SolutionConfigurationPlatforms) = preSolution
		Debug|Any CPU = Debug|Any CPU
		Debug|x64 = Debug|x64
		Release|Any CPU = Release|Any CPU
		Release|x64 = Release|x64
	EndGlobalSection
	GlobalSection(ProjectConfigurationPlatforms) = postSolution
		{A3AC25C6-3F52-494B-9125-BBD827169CE7}.Debug|Any CPU.ActiveCfg = Debug|Any CPU
		{A3AC25C6-3F52-494B-9125-BBD827169CE7}.Debug|Any CPU.Build.0 = Debug|Any CPU
		{A3AC25C6-3F52-494B-9125-BBD827169CE7}.Debug|x64.ActiveCfg = Debug|Any CPU
		{A3AC25C6-3F52-494B-9125-BBD827169CE7}.Debug|x64.Build.0 = Debug|Any CPU
		{A3AC25C6-3F52-494B-9125-BBD827169CE7}.Release|Any CPU.ActiveCfg = Release|Any CPU
		{A3AC25C6-3F52-494B-9125-BBD827169CE7}.Release|Any CPU.Build.0 = Release|Any CPU
		{A3AC25C6-3F52-494B-9125-BBD827169CE7}.Release|x64.ActiveCfg = Release|Any CPU
		{A3AC25C6-3F52-494B-9125-BBD827169CE7}.Release|x64.Build.0 = Release|Any CPU
		{3B067FF3-F7A5-4D62-9E7F-6C10E374F1FC}.Debug|Any CPU.ActiveCfg = Debug|Any CPU
		{3B067FF3-F7A5-4D62-9E7F-6C10E374F1FC}.Debug|Any CPU.Build.0 = Debug|Any CPU
		{3B067FF3-F7A5-4D62-9E7F-6C10E374F1FC}.Debug|x64.ActiveCfg = Debug|Any CPU
		{3B067FF3-F7A5-4D62-9E7F-6C10E374F1FC}.Debug|x64.Build.0 = Debug|Any CPU
		{3B067FF3-F7A5-4D62-9E7F-6C10E374F1FC}.Release|Any CPU.ActiveCfg = Release|Any CPU
		{3B067FF3-F7A5-4D62-9E7F-6C10E374F1FC}.Release|Any CPU.Build.0 = Release|Any CPU
		{3B067FF3-F7A5-4D62-9E7F-6C10E374F1FC}.Release|x64.ActiveCfg = Release|Any CPU
		{3B067FF3-F7A5-4D62-9E7F-6C10E374F1FC}.Release|x64.Build.0 = Release|Any CPU
		{96DC748F-BDAC-49FA-B4EF-9DD3B645E220}.Debug|Any CPU.ActiveCfg = Debug|Any CPU
		{96DC748F-BDAC-49FA-B4EF-9DD3B645E220}.Debug|Any CPU.Build.0 = Debug|Any CPU
		{96DC748F-BDAC-49FA-B4EF-9DD3B645E220}.Debug|x64.ActiveCfg = Debug|Any CPU
		{96DC748F-BDAC-49FA-B4EF-9DD3B645E220}.Debug|x64.Build.0 = Debug|Any CPU
		{96DC748F-BDAC-49FA-B4EF-9DD3B645E220}.Release|Any CPU.ActiveCfg = Release|Any CPU
		{96DC748F-BDAC-49FA-B4EF-9DD3B645E220}.Release|Any CPU.Build.0 = Release|Any CPU
		{96DC748F-BDAC-49FA-B4EF-9DD3B645E220}.Release|x64.ActiveCfg = Release|Any CPU
		{96DC748F-BDAC-49FA-B4EF-9DD3B645E220}.Release|x64.Build.0 = Release|Any CPU
		{F6F552F7-311E-4DB5-B4DC-7B2638C7D772}.Debug|Any CPU.ActiveCfg = Debug|Any CPU
		{F6F552F7-311E-4DB5-B4DC-7B2638C7D772}.Debug|Any CPU.Build.0 = Debug|Any CPU
		{F6F552F7-311E-4DB5-B4DC-7B2638C7D772}.Debug|x64.ActiveCfg = Debug|Any CPU
		{F6F552F7-311E-4DB5-B4DC-7B2638C7D772}.Debug|x64.Build.0 = Debug|Any CPU
		{F6F552F7-311E-4DB5-B4DC-7B2638C7D772}.Release|Any CPU.ActiveCfg = Release|Any CPU
		{F6F552F7-311E-4DB5-B4DC-7B2638C7D772}.Release|Any CPU.Build.0 = Release|Any CPU
		{F6F552F7-311E-4DB5-B4DC-7B2638C7D772}.Release|x64.ActiveCfg = Release|Any CPU
		{F6F552F7-311E-4DB5-B4DC-7B2638C7D772}.Release|x64.Build.0 = Release|Any CPU
		{416245DF-261B-413E-A04C-5EFA2C224549}.Debug|Any CPU.ActiveCfg = Debug|Any CPU
		{416245DF-261B-413E-A04C-5EFA2C224549}.Debug|Any CPU.Build.0 = Debug|Any CPU
		{416245DF-261B-413E-A04C-5EFA2C224549}.Debug|x64.ActiveCfg = Debug|x64
		{416245DF-261B-413E-A04C-5EFA2C224549}.Debug|x64.Build.0 = Debug|x64
		{416245DF-261B-413E-A04C-5EFA2C224549}.Release|Any CPU.ActiveCfg = Release|Any CPU
		{416245DF-261B-413E-A04C-5EFA2C224549}.Release|Any CPU.Build.0 = Release|Any CPU
		{416245DF-261B-413E-A04C-5EFA2C224549}.Release|x64.ActiveCfg = Release|x64
		{416245DF-261B-413E-A04C-5EFA2C224549}.Release|x64.Build.0 = Release|x64
		{9BFB5CD9-76A9-4FA0-B723-F6A03E0099D7}.Debug|Any CPU.ActiveCfg = Debug|Any CPU
		{9BFB5CD9-76A9-4FA0-B723-F6A03E0099D7}.Debug|Any CPU.Build.0 = Debug|Any CPU
		{9BFB5CD9-76A9-4FA0-B723-F6A03E0099D7}.Debug|x64.ActiveCfg = Debug|Any CPU
		{9BFB5CD9-76A9-4FA0-B723-F6A03E0099D7}.Debug|x64.Build.0 = Debug|Any CPU
		{9BFB5CD9-76A9-4FA0-B723-F6A03E0099D7}.Release|Any CPU.ActiveCfg = Release|Any CPU
		{9BFB5CD9-76A9-4FA0-B723-F6A03E0099D7}.Release|Any CPU.Build.0 = Release|Any CPU
		{9BFB5CD9-76A9-4FA0-B723-F6A03E0099D7}.Release|x64.ActiveCfg = Release|Any CPU
		{9BFB5CD9-76A9-4FA0-B723-F6A03E0099D7}.Release|x64.Build.0 = Release|Any CPU
		{A4594AC7-B3CB-4724-8DD5-93036B489F59}.Debug|Any CPU.ActiveCfg = Debug|Any CPU
		{A4594AC7-B3CB-4724-8DD5-93036B489F59}.Debug|Any CPU.Build.0 = Debug|Any CPU
		{A4594AC7-B3CB-4724-8DD5-93036B489F59}.Debug|x64.ActiveCfg = Debug|Any CPU
		{A4594AC7-B3CB-4724-8DD5-93036B489F59}.Debug|x64.Build.0 = Debug|Any CPU
		{A4594AC7-B3CB-4724-8DD5-93036B489F59}.Release|Any CPU.ActiveCfg = Release|Any CPU
		{A4594AC7-B3CB-4724-8DD5-93036B489F59}.Release|Any CPU.Build.0 = Release|Any CPU
		{A4594AC7-B3CB-4724-8DD5-93036B489F59}.Release|x64.ActiveCfg = Release|Any CPU
		{A4594AC7-B3CB-4724-8DD5-93036B489F59}.Release|x64.Build.0 = Release|Any CPU
		{CD024599-816D-409D-BB5A-EB0B89B0118D}.Debug|Any CPU.ActiveCfg = Debug|Any CPU
		{CD024599-816D-409D-BB5A-EB0B89B0118D}.Debug|Any CPU.Build.0 = Debug|Any CPU
		{CD024599-816D-409D-BB5A-EB0B89B0118D}.Debug|x64.ActiveCfg = Debug|Any CPU
		{CD024599-816D-409D-BB5A-EB0B89B0118D}.Debug|x64.Build.0 = Debug|Any CPU
		{CD024599-816D-409D-BB5A-EB0B89B0118D}.Release|Any CPU.ActiveCfg = Release|Any CPU
		{CD024599-816D-409D-BB5A-EB0B89B0118D}.Release|Any CPU.Build.0 = Release|Any CPU
		{CD024599-816D-409D-BB5A-EB0B89B0118D}.Release|x64.ActiveCfg = Release|Any CPU
		{CD024599-816D-409D-BB5A-EB0B89B0118D}.Release|x64.Build.0 = Release|Any CPU
		{FED360D0-8F00-C571-4141-883BA8870CC1}.Debug|Any CPU.ActiveCfg = Debug|Any CPU
		{FED360D0-8F00-C571-4141-883BA8870CC1}.Debug|Any CPU.Build.0 = Debug|Any CPU
		{FED360D0-8F00-C571-4141-883BA8870CC1}.Debug|x64.ActiveCfg = Debug|Any CPU
		{FED360D0-8F00-C571-4141-883BA8870CC1}.Debug|x64.Build.0 = Debug|Any CPU
		{FED360D0-8F00-C571-4141-883BA8870CC1}.Release|Any CPU.ActiveCfg = Release|Any CPU
		{FED360D0-8F00-C571-4141-883BA8870CC1}.Release|Any CPU.Build.0 = Release|Any CPU
		{FED360D0-8F00-C571-4141-883BA8870CC1}.Release|x64.ActiveCfg = Release|Any CPU
		{FED360D0-8F00-C571-4141-883BA8870CC1}.Release|x64.Build.0 = Release|Any CPU
		{2AAEA0AB-4943-47B1-9EA4-BFFBE678DD93}.Debug|Any CPU.ActiveCfg = Debug|Any CPU
		{2AAEA0AB-4943-47B1-9EA4-BFFBE678DD93}.Debug|Any CPU.Build.0 = Debug|Any CPU
		{2AAEA0AB-4943-47B1-9EA4-BFFBE678DD93}.Debug|x64.ActiveCfg = Debug|Any CPU
		{2AAEA0AB-4943-47B1-9EA4-BFFBE678DD93}.Debug|x64.Build.0 = Debug|Any CPU
		{2AAEA0AB-4943-47B1-9EA4-BFFBE678DD93}.Release|Any CPU.ActiveCfg = Release|Any CPU
		{2AAEA0AB-4943-47B1-9EA4-BFFBE678DD93}.Release|Any CPU.Build.0 = Release|Any CPU
		{2AAEA0AB-4943-47B1-9EA4-BFFBE678DD93}.Release|x64.ActiveCfg = Release|Any CPU
		{2AAEA0AB-4943-47B1-9EA4-BFFBE678DD93}.Release|x64.Build.0 = Release|Any CPU
		{CC46F903-6C3D-49AB-A446-48BF1DE1C145}.Debug|Any CPU.ActiveCfg = Debug|Any CPU
		{CC46F903-6C3D-49AB-A446-48BF1DE1C145}.Debug|Any CPU.Build.0 = Debug|Any CPU
		{CC46F903-6C3D-49AB-A446-48BF1DE1C145}.Debug|x64.ActiveCfg = Debug|Any CPU
		{CC46F903-6C3D-49AB-A446-48BF1DE1C145}.Debug|x64.Build.0 = Debug|Any CPU
		{CC46F903-6C3D-49AB-A446-48BF1DE1C145}.Release|Any CPU.ActiveCfg = Release|Any CPU
		{CC46F903-6C3D-49AB-A446-48BF1DE1C145}.Release|Any CPU.Build.0 = Release|Any CPU
		{CC46F903-6C3D-49AB-A446-48BF1DE1C145}.Release|x64.ActiveCfg = Release|Any CPU
		{CC46F903-6C3D-49AB-A446-48BF1DE1C145}.Release|x64.Build.0 = Release|Any CPU
		{F05B781D-13E8-4E56-8A29-B319050F7E8F}.Debug|Any CPU.ActiveCfg = Debug|Any CPU
		{F05B781D-13E8-4E56-8A29-B319050F7E8F}.Debug|Any CPU.Build.0 = Debug|Any CPU
		{F05B781D-13E8-4E56-8A29-B319050F7E8F}.Debug|x64.ActiveCfg = Debug|Any CPU
		{F05B781D-13E8-4E56-8A29-B319050F7E8F}.Debug|x64.Build.0 = Debug|Any CPU
		{F05B781D-13E8-4E56-8A29-B319050F7E8F}.Release|Any CPU.ActiveCfg = Release|Any CPU
		{F05B781D-13E8-4E56-8A29-B319050F7E8F}.Release|Any CPU.Build.0 = Release|Any CPU
		{F05B781D-13E8-4E56-8A29-B319050F7E8F}.Release|x64.ActiveCfg = Release|Any CPU
		{F05B781D-13E8-4E56-8A29-B319050F7E8F}.Release|x64.Build.0 = Release|Any CPU
	EndGlobalSection
	GlobalSection(SolutionProperties) = preSolution
		HideSolutionNode = FALSE
	EndGlobalSection
	GlobalSection(NestedProjects) = preSolution
		{96DC748F-BDAC-49FA-B4EF-9DD3B645E220} = {1CCBFBF9-278D-49FD-B018-CB2769197E2D}
		{9BFB5CD9-76A9-4FA0-B723-F6A03E0099D7} = {5CCA1F5E-DB5A-4B92-8BCE-A60BDE083772}
		{A4594AC7-B3CB-4724-8DD5-93036B489F59} = {5CCA1F5E-DB5A-4B92-8BCE-A60BDE083772}
		{CD024599-816D-409D-BB5A-EB0B89B0118D} = {5CCA1F5E-DB5A-4B92-8BCE-A60BDE083772}
	EndGlobalSection
	GlobalSection(ExtensibilityGlobals) = postSolution
		SolutionGuid = {9C627583-ED4C-4C79-B1DF-BC75BF553806}
	EndGlobalSection
EndGlobal
